
Microsoft Visual Studio Solution File, Format Version 12.00
# Visual Studio Version 16
VisualStudioVersion = 16.0.29201.188
MinimumVisualStudioVersion = 10.0.40219.1
Project("{FAE04EC0-301F-11D3-BF4B-00C04F79EFBC}") = "DemoApi", "DemoApi\DemoApi.csproj", "{9718ADF3-2DDA-4CB4-ABB3-BC0B3FFEB243}"
EndProject
Global
	GlobalSection(SolutionConfigurationPlatforms) = preSolution
		Debug|Any CPU = Debug|Any CPU
		Release|Any CPU = Release|Any CPU
	EndGlobalSection
	GlobalSection(ProjectConfigurationPlatforms) = postSolution
		{9718ADF3-2DDA-4CB4-ABB3-BC0B3FFEB243}.Debug|Any CPU.ActiveCfg = Debug|Any CPU
		{9718ADF3-2DDA-4CB4-ABB3-BC0B3FFEB243}.Debug|Any CPU.Build.0 = Debug|Any CPU
		{9718ADF3-2DDA-4CB4-ABB3-BC0B3FFEB243}.Release|Any CPU.ActiveCfg = Release|Any CPU
		{9718ADF3-2DDA-4CB4-ABB3-BC0B3FFEB243}.Release|Any CPU.Build.0 = Release|Any CPU
	EndGlobalSection
	GlobalSection(SolutionProperties) = preSolution
		HideSolutionNode = FALSE
	EndGlobalSection
	GlobalSection(ExtensibilityGlobals) = postSolution
		SolutionGuid = {89A03682-E39D-4394-92D7-EAA7839F6E86}
	EndGlobalSection
EndGlobal
